
Microsoft Visual Studio Solution File, Format Version 12.00
# Visual Studio Version 17
VisualStudioVersion = 17.6.33815.320
MinimumVisualStudioVersion = 10.0.40219.1
Project("{FAE04EC0-301F-11D3-BF4B-00C04F79EFBC}") = "PortalApp", "PortalApp\PortalApp.csproj", "{E02B75FB-9461-46DA-B53B-3DB453835752}"
EndProject
Global
	GlobalSection(SolutionConfigurationPlatforms) = preSolution
		Debug|Any CPU = Debug|Any CPU
		Release|Any CPU = Release|Any CPU
	EndGlobalSection
	GlobalSection(ProjectConfigurationPlatforms) = postSolution
		{E02B75FB-9461-46DA-B53B-3DB453835752}.Debug|Any CPU.ActiveCfg = Debug|Any CPU
		{E02B75FB-9461-46DA-B53B-3DB453835752}.Debug|Any CPU.Build.0 = Debug|Any CPU
		{E02B75FB-9461-46DA-B53B-3DB453835752}.Release|Any CPU.ActiveCfg = Release|Any CPU
		{E02B75FB-9461-46DA-B53B-3DB453835752}.Release|Any CPU.Build.0 = Release|Any CPU
	EndGlobalSection
	GlobalSection(SolutionProperties) = preSolution
		HideSolutionNode = FALSE
	EndGlobalSection
	GlobalSection(ExtensibilityGlobals) = postSolution
		SolutionGuid = {E233E7B8-C2B3-4606-B42E-42C86F767196}
	EndGlobalSection
EndGlobal
